
Microsoft Visual Studio Solution File, Format Version 12.00
# Visual Studio Version 17
VisualStudioVersion = 17.7.34031.279
MinimumVisualStudioVersion = 10.0.40219.1
Project("{FAE04EC0-301F-11D3-BF4B-00C04F79EFBC}") = "ZeroHunger", "ZeroHunger\ZeroHunger.csproj", "{AB267945-FDD9-46E4-B478-F11ABB5810AD}"
EndProject
Global
	GlobalSection(SolutionConfigurationPlatforms) = preSolution
		Debug|Any CPU = Debug|Any CPU
		Release|Any CPU = Release|Any CPU
	EndGlobalSection
	GlobalSection(ProjectConfigurationPlatforms) = postSolution
		{AB267945-FDD9-46E4-B478-F11ABB5810AD}.Debug|Any CPU.ActiveCfg = Debug|Any CPU
		{AB267945-FDD9-46E4-B478-F11ABB5810AD}.Debug|Any CPU.Build.0 = Debug|Any CPU
		{AB267945-FDD9-46E4-B478-F11ABB5810AD}.Release|Any CPU.ActiveCfg = Release|Any CPU
		{AB267945-FDD9-46E4-B478-F11ABB5810AD}.Release|Any CPU.Build.0 = Release|Any CPU
	EndGlobalSection
	GlobalSection(SolutionProperties) = preSolution
		HideSolutionNode = FALSE
	EndGlobalSection
	GlobalSection(ExtensibilityGlobals) = postSolution
		SolutionGuid = {EA022D76-31F5-4DEA-9C65-9B778CE3B8A3}
	EndGlobalSection
EndGlobal
